
Microsoft Visual Studio Solution File, Format Version 12.00
# Visual Studio 2013
VisualStudioVersion = 12.0.21005.1
MinimumVisualStudioVersion = 10.0.40219.1
Project("{FAE04EC0-301F-11D3-BF4B-00C04F79EFBC}") = "School.Domain", "School.Domain\School.Domain.csproj", "{0ECB375A-3E16-40E8-B42C-BD25E5284580}"
EndProject
Project("{FAE04EC0-301F-11D3-BF4B-00C04F79EFBC}") = "School.Infrastructure", "School.Infrastructure\School.Infrastructure.csproj", "{FEF59391-3D8E-4584-BCE4-3A8882803438}"
EndProject
Project("{FAE04EC0-301F-11D3-BF4B-00C04F79EFBC}") = "School.Application", "School.Application\School.Application.csproj", "{AE09C3EE-0B33-45B6-B268-C83151EA372C}"
EndProject
Project("{FAE04EC0-301F-11D3-BF4B-00C04F79EFBC}") = "School.Web", "School.Web\School.Web.csproj", "{B72996CA-3EC6-455E-BFDD-0D4FA7F15D8F}"
EndProject
Global
	GlobalSection(SolutionConfigurationPlatforms) = preSolution
		Debug|Any CPU = Debug|Any CPU
		Release|Any CPU = Release|Any CPU
	EndGlobalSection
	GlobalSection(ProjectConfigurationPlatforms) = postSolution
		{0ECB375A-3E16-40E8-B42C-BD25E5284580}.Debug|Any CPU.ActiveCfg = Debug|Any CPU
		{0ECB375A-3E16-40E8-B42C-BD25E5284580}.Debug|Any CPU.Build.0 = Debug|Any CPU
		{0ECB375A-3E16-40E8-B42C-BD25E5284580}.Release|Any CPU.ActiveCfg = Release|Any CPU
		{0ECB375A-3E16-40E8-B42C-BD25E5284580}.Release|Any CPU.Build.0 = Release|Any CPU
		{FEF59391-3D8E-4584-BCE4-3A8882803438}.Debug|Any CPU.ActiveCfg = Debug|Any CPU
		{FEF59391-3D8E-4584-BCE4-3A8882803438}.Debug|Any CPU.Build.0 = Debug|Any CPU
		{FEF59391-3D8E-4584-BCE4-3A8882803438}.Release|Any CPU.ActiveCfg = Release|Any CPU
		{FEF59391-3D8E-4584-BCE4-3A8882803438}.Release|Any CPU.Build.0 = Release|Any CPU
		{AE09C3EE-0B33-45B6-B268-C83151EA372C}.Debug|Any CPU.ActiveCfg = Debug|Any CPU
		{AE09C3EE-0B33-45B6-B268-C83151EA372C}.Debug|Any CPU.Build.0 = Debug|Any CPU
		{AE09C3EE-0B33-45B6-B268-C83151EA372C}.Release|Any CPU.ActiveCfg = Release|Any CPU
		{AE09C3EE-0B33-45B6-B268-C83151EA372C}.Release|Any CPU.Build.0 = Release|Any CPU
		{B72996CA-3EC6-455E-BFDD-0D4FA7F15D8F}.Debug|Any CPU.ActiveCfg = Debug|Any CPU
		{B72996CA-3EC6-455E-BFDD-0D4FA7F15D8F}.Debug|Any CPU.Build.0 = Debug|Any CPU
		{B72996CA-3EC6-455E-BFDD-0D4FA7F15D8F}.Release|Any CPU.ActiveCfg = Release|Any CPU
		{B72996CA-3EC6-455E-BFDD-0D4FA7F15D8F}.Release|Any CPU.Build.0 = Release|Any CPU
	EndGlobalSection
	GlobalSection(SolutionProperties) = preSolution
		HideSolutionNode = FALSE
	EndGlobalSection
EndGlobal
